
Microsoft Visual Studio Solution File, Format Version 12.00
# Visual Studio Version 17
VisualStudioVersion = 17.14.36301.6 d17.14
MinimumVisualStudioVersion = 10.0.40219.1
Project("{FAE04EC0-301F-11D3-BF4B-00C04F79EFBC}") = "NovelEditor", "./src/NovelEditor.App/NovelEditor.csproj", "{BCFD3C0E-383D-4795-950D-A3C722FC9CCC}"
EndProject
Global
	GlobalSection(SolutionConfigurationPlatforms) = preSolution
		Debug|ARM64 = Debug|ARM64
		Debug|x64 = Debug|x64
		Debug|x86 = Debug|x86
		Release|ARM64 = Release|ARM64
		Release|x64 = Release|x64
		Release|x86 = Release|x86
	EndGlobalSection
	GlobalSection(ProjectConfigurationPlatforms) = postSolution
		{BCFD3C0E-383D-4795-950D-A3C722FC9CCC}.Debug|ARM64.ActiveCfg = Debug|ARM64
		{BCFD3C0E-383D-4795-950D-A3C722FC9CCC}.Debug|ARM64.Build.0 = Debug|ARM64
		{BCFD3C0E-383D-4795-950D-A3C722FC9CCC}.Debug|ARM64.Deploy.0 = Debug|ARM64
		{BCFD3C0E-383D-4795-950D-A3C722FC9CCC}.Debug|x64.ActiveCfg = Debug|x64
		{BCFD3C0E-383D-4795-950D-A3C722FC9CCC}.Debug|x64.Build.0 = Debug|x64
		{BCFD3C0E-383D-4795-950D-A3C722FC9CCC}.Debug|x64.Deploy.0 = Debug|x64
		{BCFD3C0E-383D-4795-950D-A3C722FC9CCC}.Debug|x86.ActiveCfg = Debug|x86
		{BCFD3C0E-383D-4795-950D-A3C722FC9CCC}.Debug|x86.Build.0 = Debug|x86
		{BCFD3C0E-383D-4795-950D-A3C722FC9CCC}.Debug|x86.Deploy.0 = Debug|x86
		{BCFD3C0E-383D-4795-950D-A3C722FC9CCC}.Release|ARM64.ActiveCfg = Release|ARM64
		{BCFD3C0E-383D-4795-950D-A3C722FC9CCC}.Release|ARM64.Build.0 = Release|ARM64
		{BCFD3C0E-383D-4795-950D-A3C722FC9CCC}.Release|ARM64.Deploy.0 = Release|ARM64
		{BCFD3C0E-383D-4795-950D-A3C722FC9CCC}.Release|x64.ActiveCfg = Release|x64
		{BCFD3C0E-383D-4795-950D-A3C722FC9CCC}.Release|x64.Build.0 = Release|x64
		{BCFD3C0E-383D-4795-950D-A3C722FC9CCC}.Release|x64.Deploy.0 = Release|x64
		{BCFD3C0E-383D-4795-950D-A3C722FC9CCC}.Release|x86.ActiveCfg = Release|x86
		{BCFD3C0E-383D-4795-950D-A3C722FC9CCC}.Release|x86.Build.0 = Release|x86
		{BCFD3C0E-383D-4795-950D-A3C722FC9CCC}.Release|x86.Deploy.0 = Release|x86
	EndGlobalSection
	GlobalSection(SolutionProperties) = preSolution
		HideSolutionNode = FALSE
	EndGlobalSection
	GlobalSection(ExtensibilityGlobals) = postSolution
		SolutionGuid = {238F36B9-3916-4015-ADA0-78BF63532BDE}
	EndGlobalSection
EndGlobal
